
Microsoft Visual Studio Solution File, Format Version 12.00
# Visual Studio Version 17
VisualStudioVersion = 17.0.31903.59
MinimumVisualStudioVersion = 10.0.40219.1
Project("{2150E333-8FDC-42A3-9474-1A3956D46DE8}") = "src", "src", "{827E0CD3-B72D-47B6-A68D-7590B98EB39B}"
EndProject
Project("{FAE04EC0-301F-11D3-BF4B-00C04F79EFBC}") = "ImageJCsharp.Core", "src\ImageJCsharp.Core\ImageJCsharp.Core.csproj", "{F0473406-8C2D-413F-B77C-E643549E8264}"
EndProject
Project("{FAE04EC0-301F-11D3-BF4B-00C04F79EFBC}") = "ImageJCsharp.Core.Tests", "tests\ImageJCsharp.Core.Tests\ImageJCsharp.Core.Tests.csproj", "{7AF84E9E-7955-4740-8976-78526055DEEF}"
EndProject
Project("{FAE04EC0-301F-11D3-BF4B-00C04F79EFBC}") = "ImageJCsharp.App", "src\ImageJCsharp.App\ImageJCsharp.App.csproj", "{D76CECD3-CBA2-4454-86C1-201E549B1198}"
EndProject
Global
	GlobalSection(SolutionConfigurationPlatforms) = preSolution
		Debug|Any CPU = Debug|Any CPU
		Debug|x64 = Debug|x64
		Debug|x86 = Debug|x86
		Release|Any CPU = Release|Any CPU
		Release|x64 = Release|x64
		Release|x86 = Release|x86
	EndGlobalSection
	GlobalSection(ProjectConfigurationPlatforms) = postSolution
		{F0473406-8C2D-413F-B77C-E643549E8264}.Debug|Any CPU.ActiveCfg = Debug|Any CPU
		{F0473406-8C2D-413F-B77C-E643549E8264}.Debug|Any CPU.Build.0 = Debug|Any CPU
		{F0473406-8C2D-413F-B77C-E643549E8264}.Debug|x64.ActiveCfg = Debug|Any CPU
		{F0473406-8C2D-413F-B77C-E643549E8264}.Debug|x64.Build.0 = Debug|Any CPU
		{F0473406-8C2D-413F-B77C-E643549E8264}.Debug|x86.ActiveCfg = Debug|Any CPU
		{F0473406-8C2D-413F-B77C-E643549E8264}.Debug|x86.Build.0 = Debug|Any CPU
		{F0473406-8C2D-413F-B77C-E643549E8264}.Release|Any CPU.ActiveCfg = Release|Any CPU
		{F0473406-8C2D-413F-B77C-E643549E8264}.Release|Any CPU.Build.0 = Release|Any CPU
		{F0473406-8C2D-413F-B77C-E643549E8264}.Release|x64.ActiveCfg = Release|Any CPU
		{F0473406-8C2D-413F-B77C-E643549E8264}.Release|x64.Build.0 = Release|Any CPU
		{F0473406-8C2D-413F-B77C-E643549E8264}.Release|x86.ActiveCfg = Release|Any CPU
		{F0473406-8C2D-413F-B77C-E643549E8264}.Release|x86.Build.0 = Release|Any CPU
		{7AF84E9E-7955-4740-8976-78526055DEEF}.Debug|Any CPU.ActiveCfg = Debug|Any CPU
		{7AF84E9E-7955-4740-8976-78526055DEEF}.Debug|Any CPU.Build.0 = Debug|Any CPU
		{7AF84E9E-7955-4740-8976-78526055DEEF}.Debug|x64.ActiveCfg = Debug|Any CPU
		{7AF84E9E-7955-4740-8976-78526055DEEF}.Debug|x64.Build.0 = Debug|Any CPU
		{7AF84E9E-7955-4740-8976-78526055DEEF}.Debug|x86.ActiveCfg = Debug|Any CPU
		{7AF84E9E-7955-4740-8976-78526055DEEF}.Debug|x86.Build.0 = Debug|Any CPU
		{7AF84E9E-7955-4740-8976-78526055DEEF}.Release|Any CPU.ActiveCfg = Release|Any CPU
		{7AF84E9E-7955-4740-8976-78526055DEEF}.Release|Any CPU.Build.0 = Release|Any CPU
		{7AF84E9E-7955-4740-8976-78526055DEEF}.Release|x64.ActiveCfg = Release|Any CPU
		{7AF84E9E-7955-4740-8976-78526055DEEF}.Release|x64.Build.0 = Release|Any CPU
		{7AF84E9E-7955-4740-8976-78526055DEEF}.Release|x86.ActiveCfg = Release|Any CPU
		{7AF84E9E-7955-4740-8976-78526055DEEF}.Release|x86.Build.0 = Release|Any CPU
		{D76CECD3-CBA2-4454-86C1-201E549B1198}.Debug|Any CPU.ActiveCfg = Debug|Any CPU
		{D76CECD3-CBA2-4454-86C1-201E549B1198}.Debug|Any CPU.Build.0 = Debug|Any CPU
		{D76CECD3-CBA2-4454-86C1-201E549B1198}.Debug|x64.ActiveCfg = Debug|Any CPU
		{D76CECD3-CBA2-4454-86C1-201E549B1198}.Debug|x64.Build.0 = Debug|Any CPU
		{D76CECD3-CBA2-4454-86C1-201E549B1198}.Debug|x86.ActiveCfg = Debug|Any CPU
		{D76CECD3-CBA2-4454-86C1-201E549B1198}.Debug|x86.Build.0 = Debug|Any CPU
		{D76CECD3-CBA2-4454-86C1-201E549B1198}.Release|Any CPU.ActiveCfg = Release|Any CPU
		{D76CECD3-CBA2-4454-86C1-201E549B1198}.Release|Any CPU.Build.0 = Release|Any CPU
		{D76CECD3-CBA2-4454-86C1-201E549B1198}.Release|x64.ActiveCfg = Release|Any CPU
		{D76CECD3-CBA2-4454-86C1-201E549B1198}.Release|x64.Build.0 = Release|Any CPU
		{D76CECD3-CBA2-4454-86C1-201E549B1198}.Release|x86.ActiveCfg = Release|Any CPU
		{D76CECD3-CBA2-4454-86C1-201E549B1198}.Release|x86.Build.0 = Release|Any CPU
	EndGlobalSection
	GlobalSection(SolutionProperties) = preSolution
		HideSolutionNode = FALSE
	EndGlobalSection
	GlobalSection(NestedProjects) = preSolution
		{F0473406-8C2D-413F-B77C-E643549E8264} = {827E0CD3-B72D-47B6-A68D-7590B98EB39B}
		{7AF84E9E-7955-4740-8976-78526055DEEF} = {827E0CD3-B72D-47B6-A68D-7590B98EB39B}
		{D76CECD3-CBA2-4454-86C1-201E549B1198} = {827E0CD3-B72D-47B6-A68D-7590B98EB39B}
	EndGlobalSection
EndGlobal
